
Microsoft Visual Studio Solution File, Format Version 12.00
# Visual Studio Version 16
VisualStudioVersion = 16.0.34931.43
MinimumVisualStudioVersion = 10.0.40219.1
Project("{FAE04EC0-301F-11D3-BF4B-00C04F79EFBC}") = "Study_Cs_OpenCV_06_ContoursDetection", "Study_Cs_OpenCV_06_ContoursDetection\Study_Cs_OpenCV_06_ContoursDetection.csproj", "{7DE22067-1094-4ABE-8109-057DD0FF9A82}"
EndProject
Global
	GlobalSection(SolutionConfigurationPlatforms) = preSolution
		Debug|Any CPU = Debug|Any CPU
		Release|Any CPU = Release|Any CPU
	EndGlobalSection
	GlobalSection(ProjectConfigurationPlatforms) = postSolution
		{7DE22067-1094-4ABE-8109-057DD0FF9A82}.Debug|Any CPU.ActiveCfg = Debug|Any CPU
		{7DE22067-1094-4ABE-8109-057DD0FF9A82}.Debug|Any CPU.Build.0 = Debug|Any CPU
		{7DE22067-1094-4ABE-8109-057DD0FF9A82}.Release|Any CPU.ActiveCfg = Release|Any CPU
		{7DE22067-1094-4ABE-8109-057DD0FF9A82}.Release|Any CPU.Build.0 = Release|Any CPU
	EndGlobalSection
	GlobalSection(SolutionProperties) = preSolution
		HideSolutionNode = FALSE
	EndGlobalSection
	GlobalSection(ExtensibilityGlobals) = postSolution
		SolutionGuid = {CDA97042-AA0C-429B-B252-AD8D2E8707A0}
	EndGlobalSection
EndGlobal
