
Microsoft Visual Studio Solution File, Format Version 12.00
# Visual Studio Version 16
VisualStudioVersion = 16.0.34931.43
MinimumVisualStudioVersion = 10.0.40219.1
Project("{FAE04EC0-301F-11D3-BF4B-00C04F79EFBC}") = "WindowsFormsTest", "WindowsFormsTest\WindowsFormsTest.csproj", "{E83DE45A-598D-48E1-8985-53DB14032DF5}"
EndProject
Global
	GlobalSection(SolutionConfigurationPlatforms) = preSolution
		Debug|Any CPU = Debug|Any CPU
		Release|Any CPU = Release|Any CPU
	EndGlobalSection
	GlobalSection(ProjectConfigurationPlatforms) = postSolution
		{E83DE45A-598D-48E1-8985-53DB14032DF5}.Debug|Any CPU.ActiveCfg = Debug|Any CPU
		{E83DE45A-598D-48E1-8985-53DB14032DF5}.Debug|Any CPU.Build.0 = Debug|Any CPU
		{E83DE45A-598D-48E1-8985-53DB14032DF5}.Release|Any CPU.ActiveCfg = Release|Any CPU
		{E83DE45A-598D-48E1-8985-53DB14032DF5}.Release|Any CPU.Build.0 = Release|Any CPU
	EndGlobalSection
	GlobalSection(SolutionProperties) = preSolution
		HideSolutionNode = FALSE
	EndGlobalSection
	GlobalSection(ExtensibilityGlobals) = postSolution
		SolutionGuid = {09D2E9B9-C128-47A5-BAA5-D2888E2EB161}
	EndGlobalSection
EndGlobal
