
Microsoft Visual Studio Solution File, Format Version 12.00
# Visual Studio Version 16
VisualStudioVersion = 16.0.34931.43
MinimumVisualStudioVersion = 10.0.40219.1
Project("{FAE04EC0-301F-11D3-BF4B-00C04F79EFBC}") = "Study_Cs_OpenCV_10_ImageRotation", "Study_Cs_OpenCV_10_ImageRotation\Study_Cs_OpenCV_10_ImageRotation.csproj", "{7A6BCD09-3ED7-400C-85C6-552265ED63EE}"
EndProject
Global
	GlobalSection(SolutionConfigurationPlatforms) = preSolution
		Debug|Any CPU = Debug|Any CPU
		Release|Any CPU = Release|Any CPU
	EndGlobalSection
	GlobalSection(ProjectConfigurationPlatforms) = postSolution
		{7A6BCD09-3ED7-400C-85C6-552265ED63EE}.Debug|Any CPU.ActiveCfg = Debug|Any CPU
		{7A6BCD09-3ED7-400C-85C6-552265ED63EE}.Debug|Any CPU.Build.0 = Debug|Any CPU
		{7A6BCD09-3ED7-400C-85C6-552265ED63EE}.Release|Any CPU.ActiveCfg = Release|Any CPU
		{7A6BCD09-3ED7-400C-85C6-552265ED63EE}.Release|Any CPU.Build.0 = Release|Any CPU
	EndGlobalSection
	GlobalSection(SolutionProperties) = preSolution
		HideSolutionNode = FALSE
	EndGlobalSection
	GlobalSection(ExtensibilityGlobals) = postSolution
		SolutionGuid = {92B7280C-CBA5-4F5E-96C9-327B3E71BFBF}
	EndGlobalSection
EndGlobal
