
Microsoft Visual Studio Solution File, Format Version 12.00
# Visual Studio Version 16
VisualStudioVersion = 16.0.34931.43
MinimumVisualStudioVersion = 10.0.40219.1
Project("{FAE04EC0-301F-11D3-BF4B-00C04F79EFBC}") = "Study_Cs_13_SaveFileDialog_OpenFileDialog", "Study_Cs_13_SaveFileDialog_OpenFileDialog\Study_Cs_13_SaveFileDialog_OpenFileDialog.csproj", "{811A6BDB-6765-497E-8C7F-4C64DCA56FDB}"
EndProject
Global
	GlobalSection(SolutionConfigurationPlatforms) = preSolution
		Debug|Any CPU = Debug|Any CPU
		Release|Any CPU = Release|Any CPU
	EndGlobalSection
	GlobalSection(ProjectConfigurationPlatforms) = postSolution
		{811A6BDB-6765-497E-8C7F-4C64DCA56FDB}.Debug|Any CPU.ActiveCfg = Debug|Any CPU
		{811A6BDB-6765-497E-8C7F-4C64DCA56FDB}.Debug|Any CPU.Build.0 = Debug|Any CPU
		{811A6BDB-6765-497E-8C7F-4C64DCA56FDB}.Release|Any CPU.ActiveCfg = Release|Any CPU
		{811A6BDB-6765-497E-8C7F-4C64DCA56FDB}.Release|Any CPU.Build.0 = Release|Any CPU
	EndGlobalSection
	GlobalSection(SolutionProperties) = preSolution
		HideSolutionNode = FALSE
	EndGlobalSection
	GlobalSection(ExtensibilityGlobals) = postSolution
		SolutionGuid = {DE29157B-F777-4A12-8E04-7A19D160AC92}
	EndGlobalSection
EndGlobal
