
Microsoft Visual Studio Solution File, Format Version 12.00
# Visual Studio Version 16
VisualStudioVersion = 16.0.34931.43
MinimumVisualStudioVersion = 10.0.40219.1
Project("{FAE04EC0-301F-11D3-BF4B-00C04F79EFBC}") = "Study_Cs_OpenCV_05_EdgeDetection", "Study_Cs_OpenCV_05_EdgeDetection\Study_Cs_OpenCV_05_EdgeDetection.csproj", "{42F472C2-BB08-4A38-94A9-8D062BFED089}"
EndProject
Global
	GlobalSection(SolutionConfigurationPlatforms) = preSolution
		Debug|Any CPU = Debug|Any CPU
		Release|Any CPU = Release|Any CPU
	EndGlobalSection
	GlobalSection(ProjectConfigurationPlatforms) = postSolution
		{42F472C2-BB08-4A38-94A9-8D062BFED089}.Debug|Any CPU.ActiveCfg = Debug|Any CPU
		{42F472C2-BB08-4A38-94A9-8D062BFED089}.Debug|Any CPU.Build.0 = Debug|Any CPU
		{42F472C2-BB08-4A38-94A9-8D062BFED089}.Release|Any CPU.ActiveCfg = Release|Any CPU
		{42F472C2-BB08-4A38-94A9-8D062BFED089}.Release|Any CPU.Build.0 = Release|Any CPU
	EndGlobalSection
	GlobalSection(SolutionProperties) = preSolution
		HideSolutionNode = FALSE
	EndGlobalSection
	GlobalSection(ExtensibilityGlobals) = postSolution
		SolutionGuid = {77BB1B69-C732-46E8-9DAB-0206E3D38A3B}
	EndGlobalSection
EndGlobal
